
Microsoft Visual Studio Solution File, Format Version 12.00
# Visual Studio Version 17
VisualStudioVersion = 17.5.002.0
MinimumVisualStudioVersion = 10.0.40219.1
Project("{9A19103F-16F7-4668-BE54-9A1E7A4F7556}") = "ParkingFeeCalculator", "ParkingFeeCalculator\ParkingFeeCalculator.csproj", "{E7B1FDBC-1262-41A4-814C-D7EC17495FDB}"
EndProject
Project("{FAE04EC0-301F-11D3-BF4B-00C04F79EFBC}") = "ParkingFeeCalculator.Tests", "ParkingFeeCalculator.Tests\ParkingFeeCalculator.Tests.csproj", "{1F82A3FF-931A-42AC-9027-37036DF8CBCB}"
EndProject
Global
	GlobalSection(SolutionConfigurationPlatforms) = preSolution
		Debug|Any CPU = Debug|Any CPU
		Release|Any CPU = Release|Any CPU
	EndGlobalSection
	GlobalSection(ProjectConfigurationPlatforms) = postSolution
		{E7B1FDBC-1262-41A4-814C-D7EC17495FDB}.Debug|Any CPU.ActiveCfg = Debug|Any CPU
		{E7B1FDBC-1262-41A4-814C-D7EC17495FDB}.Debug|Any CPU.Build.0 = Debug|Any CPU
		{E7B1FDBC-1262-41A4-814C-D7EC17495FDB}.Release|Any CPU.ActiveCfg = Release|Any CPU
		{E7B1FDBC-1262-41A4-814C-D7EC17495FDB}.Release|Any CPU.Build.0 = Release|Any CPU
		{1F82A3FF-931A-42AC-9027-37036DF8CBCB}.Debug|Any CPU.ActiveCfg = Debug|Any CPU
		{1F82A3FF-931A-42AC-9027-37036DF8CBCB}.Debug|Any CPU.Build.0 = Debug|Any CPU
		{1F82A3FF-931A-42AC-9027-37036DF8CBCB}.Release|Any CPU.ActiveCfg = Release|Any CPU
		{1F82A3FF-931A-42AC-9027-37036DF8CBCB}.Release|Any CPU.Build.0 = Release|Any CPU
	EndGlobalSection
	GlobalSection(SolutionProperties) = preSolution
		HideSolutionNode = FALSE
	EndGlobalSection
	GlobalSection(ExtensibilityGlobals) = postSolution
		SolutionGuid = {5B70FD82-48EA-428D-AA80-CE9BD43EAF32}
	EndGlobalSection
EndGlobal
